<Solution>
  <Folder Name="/Solucion/">
    <File Path="Directory.Packages.props" />
    <File Path="README.md" />
  </Folder>
  <Folder Name="/src/">
    <Project Path="src/Maquinaria.Api/Maquinaria.Api.csproj" />
    <Project Path="src/Maquinaria.Aplicacion/Maquinaria.Aplicacion.csproj" />
    <Project Path="src/Maquinaria.Dominio/Maquinaria.Dominio.csproj" />
    <Project Path="src/Maquinaria.Infraestructura/Maquinaria.Infraestructura.csproj" />
  </Folder>
  <Folder Name="/tests/">
    <Project Path="tests/Maquinaria.Api.Tests/Maquinaria.Api.Tests.csproj" />
    <Project Path="tests/Maquinaria.Dominio.Tests/Maquinaria.Dominio.Tests.csproj" />
  </Folder>
</Solution>
